
Microsoft Visual Studio Solution File, Format Version 12.00
Project("{FAE04EC0-301F-11D3-BF4B-00C04F79EFBC}") = "SpreadsheetSample.Base", "samples\SpreadsheetSample.Base\SpreadsheetSample.Base.csproj", "{E5F6D5EF-05D2-4B97-943C-19CC14553BA3}"
EndProject
Project("{FAE04EC0-301F-11D3-BF4B-00C04F79EFBC}") = "Spreadsheet", "src\Spreadsheet\Spreadsheet.csproj", "{740F84D0-87F7-44F7-8190-CDC3891323F6}"
EndProject
Project("{2150E333-8FDC-42A3-9474-1A3956D46DE8}") = "build", "build", "{B8DCFA10-262E-44CB-BBA8-A647AE3B2181}"
ProjectSection(SolutionItems) = preProject
	.editorconfig = .editorconfig
	build.ps1 = build.ps1
	build.sh = build.sh
	global.json = global.json
	build\spreadsheetcontrol.public.snk = build\spreadsheet.public.snk
	azure-pipelines.yml = azure-pipelines.yml
EndProjectSection
EndProject
Project("{2150E333-8FDC-42A3-9474-1A3956D46DE8}") = "docs", "docs", "{8D290F10-DBA3-48FF-AE7B-C5226827692F}"
ProjectSection(SolutionItems) = preProject
	LICENSE = LICENSE
	README.md = README.md
EndProjectSection
EndProject
Project("{2150E333-8FDC-42A3-9474-1A3956D46DE8}") = "samples", "samples", "{082D1C12-E076-42BD-B58C-7E21A6ECDA45}"
EndProject
Project("{2150E333-8FDC-42A3-9474-1A3956D46DE8}") = "src", "src", "{7BE97BC7-22DB-4C8C-B754-4B78840A5ED0}"
EndProject
Project("{2150E333-8FDC-42A3-9474-1A3956D46DE8}") = "tests", "tests", "{29F297F4-F15E-4207-903A-F38C98F2BED3}"
EndProject
Project("{2150E333-8FDC-42A3-9474-1A3956D46DE8}") = "git", "git", "{A2725609-49CC-4C22-A9FB-C2EDFEB0C7B1}"
ProjectSection(SolutionItems) = preProject
	.gitattributes = .gitattributes
	.gitignore = .gitignore
EndProjectSection
EndProject
Project("{2150E333-8FDC-42A3-9474-1A3956D46DE8}") = "nuget", "nuget", "{16D94808-4517-4D32-9747-A7F9AC8F699D}"
ProjectSection(SolutionItems) = preProject
	nuget.config = nuget.config
EndProjectSection
EndProject
Project("{2150E333-8FDC-42A3-9474-1A3956D46DE8}") = "props", "props", "{27FA1F6F-223E-4E80-AC03-6A05DAE0445D}"
ProjectSection(SolutionItems) = preProject
	build\Avalonia.Desktop.props = build\Avalonia.Desktop.props
	build\Avalonia.Diagnostics.props = build\Avalonia.Diagnostics.props
	build\Avalonia.props = build\Avalonia.props
	build\Avalonia.ReactiveUI.props = build\Avalonia.ReactiveUI.props
	build\Base.props = build\Base.props
	build\ReferenceAssemblies.props = build\ReferenceAssemblies.props
	build\SignAssembly.props = build\SignAssembly.props
	build\SourceLink.props = build\SourceLink.props
	build\XUnit.props = build\XUnit.props
	build\DocumentFormat.OpenXml.props = build\DocumentFormat.OpenXml.props
	build\Avalonia.Web.Blazor.props = build\Avalonia.Web.Blazor.props
	build\Avalonia.Themes.Fluent.props = build\Avalonia.Themes.Fluent.props
EndProjectSection
EndProject
Project("{FAE04EC0-301F-11D3-BF4B-00C04F79EFBC}") = "Spreadsheet.UnitTests", "tests\Spreadsheet.UnitTests\Spreadsheet.UnitTests.csproj", "{77965AB6-3756-4ED0-BE3D-FF0EA4CEFCE8}"
EndProject
Project("{FAE04EC0-301F-11D3-BF4B-00C04F79EFBC}") = "_build", "build\build\_build.csproj", "{FBC2BF04-87A5-434D-BF13-E3584A2E92AC}"
EndProject
Project("{FAE04EC0-301F-11D3-BF4B-00C04F79EFBC}") = "SpreadsheetSample.Desktop", "samples\SpreadsheetSample.Desktop\SpreadsheetSample.Desktop.csproj", "{0C3B3788-6F93-4141-8759-8AE2B09508FF}"
EndProject
Project("{FAE04EC0-301F-11D3-BF4B-00C04F79EFBC}") = "SpreadsheetSample.Web", "samples\SpreadsheetSample.Web\SpreadsheetSample.Web.csproj", "{CF2F2875-B13E-427A-B506-5FA3DEBEAFDC}"
EndProject
Global
	GlobalSection(SolutionConfigurationPlatforms) = preSolution
		Debug|Any CPU = Debug|Any CPU
		Release|Any CPU = Release|Any CPU
	EndGlobalSection
	GlobalSection(ProjectConfigurationPlatforms) = postSolution
		{E5F6D5EF-05D2-4B97-943C-19CC14553BA3}.Debug|Any CPU.ActiveCfg = Debug|Any CPU
		{E5F6D5EF-05D2-4B97-943C-19CC14553BA3}.Debug|Any CPU.Build.0 = Debug|Any CPU
		{E5F6D5EF-05D2-4B97-943C-19CC14553BA3}.Release|Any CPU.ActiveCfg = Release|Any CPU
		{E5F6D5EF-05D2-4B97-943C-19CC14553BA3}.Release|Any CPU.Build.0 = Release|Any CPU
		{740F84D0-87F7-44F7-8190-CDC3891323F6}.Debug|Any CPU.ActiveCfg = Debug|Any CPU
		{740F84D0-87F7-44F7-8190-CDC3891323F6}.Debug|Any CPU.Build.0 = Debug|Any CPU
		{740F84D0-87F7-44F7-8190-CDC3891323F6}.Release|Any CPU.ActiveCfg = Release|Any CPU
		{740F84D0-87F7-44F7-8190-CDC3891323F6}.Release|Any CPU.Build.0 = Release|Any CPU
		{77965AB6-3756-4ED0-BE3D-FF0EA4CEFCE8}.Debug|Any CPU.ActiveCfg = Debug|Any CPU
		{77965AB6-3756-4ED0-BE3D-FF0EA4CEFCE8}.Debug|Any CPU.Build.0 = Debug|Any CPU
		{77965AB6-3756-4ED0-BE3D-FF0EA4CEFCE8}.Release|Any CPU.ActiveCfg = Release|Any CPU
		{77965AB6-3756-4ED0-BE3D-FF0EA4CEFCE8}.Release|Any CPU.Build.0 = Release|Any CPU
		{FBC2BF04-87A5-434D-BF13-E3584A2E92AC}.Debug|Any CPU.ActiveCfg = Debug|Any CPU
		{FBC2BF04-87A5-434D-BF13-E3584A2E92AC}.Debug|Any CPU.Build.0 = Debug|Any CPU
		{FBC2BF04-87A5-434D-BF13-E3584A2E92AC}.Release|Any CPU.ActiveCfg = Release|Any CPU
		{FBC2BF04-87A5-434D-BF13-E3584A2E92AC}.Release|Any CPU.Build.0 = Release|Any CPU
		{0C3B3788-6F93-4141-8759-8AE2B09508FF}.Debug|Any CPU.ActiveCfg = Debug|Any CPU
		{0C3B3788-6F93-4141-8759-8AE2B09508FF}.Debug|Any CPU.Build.0 = Debug|Any CPU
		{0C3B3788-6F93-4141-8759-8AE2B09508FF}.Release|Any CPU.ActiveCfg = Release|Any CPU
		{0C3B3788-6F93-4141-8759-8AE2B09508FF}.Release|Any CPU.Build.0 = Release|Any CPU
		{CF2F2875-B13E-427A-B506-5FA3DEBEAFDC}.Debug|Any CPU.ActiveCfg = Debug|Any CPU
		{CF2F2875-B13E-427A-B506-5FA3DEBEAFDC}.Debug|Any CPU.Build.0 = Debug|Any CPU
		{CF2F2875-B13E-427A-B506-5FA3DEBEAFDC}.Release|Any CPU.ActiveCfg = Release|Any CPU
		{CF2F2875-B13E-427A-B506-5FA3DEBEAFDC}.Release|Any CPU.Build.0 = Release|Any CPU
	EndGlobalSection
	GlobalSection(NestedProjects) = preSolution
		{A2725609-49CC-4C22-A9FB-C2EDFEB0C7B1} = {B8DCFA10-262E-44CB-BBA8-A647AE3B2181}
		{16D94808-4517-4D32-9747-A7F9AC8F699D} = {B8DCFA10-262E-44CB-BBA8-A647AE3B2181}
		{27FA1F6F-223E-4E80-AC03-6A05DAE0445D} = {B8DCFA10-262E-44CB-BBA8-A647AE3B2181}
		{740F84D0-87F7-44F7-8190-CDC3891323F6} = {7BE97BC7-22DB-4C8C-B754-4B78840A5ED0}
		{E5F6D5EF-05D2-4B97-943C-19CC14553BA3} = {082D1C12-E076-42BD-B58C-7E21A6ECDA45}
		{77965AB6-3756-4ED0-BE3D-FF0EA4CEFCE8} = {29F297F4-F15E-4207-903A-F38C98F2BED3}
		{FBC2BF04-87A5-434D-BF13-E3584A2E92AC} = {B8DCFA10-262E-44CB-BBA8-A647AE3B2181}
		{0C3B3788-6F93-4141-8759-8AE2B09508FF} = {082D1C12-E076-42BD-B58C-7E21A6ECDA45}
		{CF2F2875-B13E-427A-B506-5FA3DEBEAFDC} = {082D1C12-E076-42BD-B58C-7E21A6ECDA45}
	EndGlobalSection
EndGlobal
